
Microsoft Visual Studio Solution File, Format Version 12.00
# Visual Studio Version 17
VisualStudioVersion = 17.7.34009.444
MinimumVisualStudioVersion = 10.0.40219.1
Project("{8BC9CEB8-8B4A-11D0-8D11-00A0C91BC942}") = "SFML-3.0.0_Template_Project", "SFML-3.0.0_Template_Project\SFML-3.0.0_Template_Project.vcxproj", "{E24FD0B5-BD53-4765-BA65-D06D1AE01014}"
EndProject
Global
	GlobalSection(SolutionConfigurationPlatforms) = preSolution
		Debug|x64 = Debug|x64
		Debug|x86 = Debug|x86
		Release|x64 = Release|x64
		Release|x86 = Release|x86
	EndGlobalSection
	GlobalSection(ProjectConfigurationPlatforms) = postSolution
		{E24FD0B5-BD53-4765-BA65-D06D1AE01014}.Debug|x64.ActiveCfg = Debug|x64
		{E24FD0B5-BD53-4765-BA65-D06D1AE01014}.Debug|x64.Build.0 = Debug|x64
		{E24FD0B5-BD53-4765-BA65-D06D1AE01014}.Debug|x86.ActiveCfg = Debug|Win32
		{E24FD0B5-BD53-4765-BA65-D06D1AE01014}.Debug|x86.Build.0 = Debug|Win32
		{E24FD0B5-BD53-4765-BA65-D06D1AE01014}.Release|x64.ActiveCfg = Release|x64
		{E24FD0B5-BD53-4765-BA65-D06D1AE01014}.Release|x64.Build.0 = Release|x64
		{E24FD0B5-BD53-4765-BA65-D06D1AE01014}.Release|x86.ActiveCfg = Release|Win32
		{E24FD0B5-BD53-4765-BA65-D06D1AE01014}.Release|x86.Build.0 = Release|Win32
	EndGlobalSection
	GlobalSection(SolutionProperties) = preSolution
		HideSolutionNode = FALSE
	EndGlobalSection
	GlobalSection(ExtensibilityGlobals) = postSolution
		SolutionGuid = {2AEB070C-48CE-4FDD-90FB-13F3092E467A}
	EndGlobalSection
EndGlobal
